
Microsoft Visual Studio Solution File, Format Version 12.00
# Visual Studio Version 17
VisualStudioVersion = 17.4.33403.182
MinimumVisualStudioVersion = 10.0.40219.1
Project("{9A19103F-16F7-4668-BE54-9A1E7A4F7556}") = "tabularapi", "tabularapi\tabularapi.csproj", "{170FDD0D-96C4-4EBC-9E7D-84CBDC471D2F}"
EndProject
Project("{FAE04EC0-301F-11D3-BF4B-00C04F79EFBC}") = "tabularapi.tests", "..\tabularapi.tests\tabularapi.tests\tabularapi.tests.csproj", "{39CEF664-4B50-473D-A018-C6F39D3859AE}"
EndProject
Global
	GlobalSection(SolutionConfigurationPlatforms) = preSolution
		Debug|Any CPU = Debug|Any CPU
		Release|Any CPU = Release|Any CPU
	EndGlobalSection
	GlobalSection(ProjectConfigurationPlatforms) = postSolution
		{170FDD0D-96C4-4EBC-9E7D-84CBDC471D2F}.Debug|Any CPU.ActiveCfg = Debug|Any CPU
		{170FDD0D-96C4-4EBC-9E7D-84CBDC471D2F}.Debug|Any CPU.Build.0 = Debug|Any CPU
		{170FDD0D-96C4-4EBC-9E7D-84CBDC471D2F}.Release|Any CPU.ActiveCfg = Release|Any CPU
		{170FDD0D-96C4-4EBC-9E7D-84CBDC471D2F}.Release|Any CPU.Build.0 = Release|Any CPU
		{39CEF664-4B50-473D-A018-C6F39D3859AE}.Debug|Any CPU.ActiveCfg = Debug|Any CPU
		{39CEF664-4B50-473D-A018-C6F39D3859AE}.Debug|Any CPU.Build.0 = Debug|Any CPU
		{39CEF664-4B50-473D-A018-C6F39D3859AE}.Release|Any CPU.ActiveCfg = Release|Any CPU
		{39CEF664-4B50-473D-A018-C6F39D3859AE}.Release|Any CPU.Build.0 = Release|Any CPU
	EndGlobalSection
	GlobalSection(SolutionProperties) = preSolution
		HideSolutionNode = FALSE
	EndGlobalSection
	GlobalSection(ExtensibilityGlobals) = postSolution
		SolutionGuid = {DEDD1561-E88B-456C-A02B-FC8ABADA7EB5}
	EndGlobalSection
EndGlobal
